
Microsoft Visual Studio Solution File, Format Version 12.00
# Visual Studio 2013
VisualStudioVersion = 12.0.40629.0
MinimumVisualStudioVersion = 10.0.40219.1
Project("{2150E333-8FDC-42A3-9474-1A3956D46DE8}") = "Complex Domain", "Complex Domain", "{C5F1F7FB-F2F7-4C08-83B6-275A4958BFCC}"
EndProject
Project("{2150E333-8FDC-42A3-9474-1A3956D46DE8}") = "Server", "Server", "{80DBDB5A-2C09-44F3-9506-04D0A0B0A515}"
EndProject
Project("{2150E333-8FDC-42A3-9474-1A3956D46DE8}") = "Logistica", "Logistica", "{57328664-8357-441D-8FEF-A46E05DF381A}"
EndProject
Project("{2150E333-8FDC-42A3-9474-1A3956D46DE8}") = "Vendas", "Vendas", "{EC011F9C-D327-47B9-8DA6-E80E4D7FC637}"
EndProject
Project("{2150E333-8FDC-42A3-9474-1A3956D46DE8}") = "Conteudo", "Conteudo", "{F18FEE8D-99BB-4BB7-83ED-3D58D7D22034}"
EndProject
Project("{2150E333-8FDC-42A3-9474-1A3956D46DE8}") = "Cadastro", "Cadastro", "{3CA7D47A-DA88-4772-AB90-DA64B0339CE9}"
EndProject
Project("{FAE04EC0-301F-11D3-BF4B-00C04F79EFBC}") = "EscolaVirtual.Cadastro.Domain", "EscolaVirtual.Cadastro.Domain\EscolaVirtual.Cadastro.Domain.csproj", "{76A33C66-6BF3-4BAC-ACC6-A46D60DCE189}"
EndProject
Project("{FAE04EC0-301F-11D3-BF4B-00C04F79EFBC}") = "EscolaVirtual.Cadastro.Data", "EscolaVirtual.Cadastro.Data\EscolaVirtual.Cadastro.Data.csproj", "{6317A221-36E4-46CA-8B67-AB934686AAAD}"
EndProject
Project("{FAE04EC0-301F-11D3-BF4B-00C04F79EFBC}") = "EscolaVirtual.Cadastro.Application", "EscolaVirtual.Cadastro.Application\EscolaVirtual.Cadastro.Application.csproj", "{977B72E3-1C1B-41B2-96F3-5C2E786C3422}"
EndProject
Project("{FAE04EC0-301F-11D3-BF4B-00C04F79EFBC}") = "EscolaVirtual.Conteudo.Domain", "EscolaVirtual.Conteudo.Domain\EscolaVirtual.Conteudo.Domain.csproj", "{AB2804B6-1076-4AE3-B036-2BA1C92EE9C3}"
EndProject
Project("{FAE04EC0-301F-11D3-BF4B-00C04F79EFBC}") = "EscolaVirtual.Conteudo.Data", "EscolaVirtual.Conteudo.Data\EscolaVirtual.Conteudo.Data.csproj", "{6ADC076E-BCF9-44C9-9A59-87F4BB5CD21D}"
EndProject
Project("{FAE04EC0-301F-11D3-BF4B-00C04F79EFBC}") = "EscolaVirtual.Logistica.Domain", "EscolaVirtual.Logistica.Domain\EscolaVirtual.Logistica.Domain.csproj", "{F714131B-FCF0-4C4D-BB1E-851F79E9F9EC}"
EndProject
Project("{FAE04EC0-301F-11D3-BF4B-00C04F79EFBC}") = "EscolaVirtual.Logistica.Data", "EscolaVirtual.Logistica.Data\EscolaVirtual.Logistica.Data.csproj", "{2C89A36F-AE38-4BDE-9805-10BEB7ACC5C3}"
EndProject
Project("{FAE04EC0-301F-11D3-BF4B-00C04F79EFBC}") = "EscolaVirtual.Vendas.Domain", "EscolaVirtual.Vendas.Domain\EscolaVirtual.Vendas.Domain.csproj", "{EB91BBA1-10A2-4837-859B-963DA71B4318}"
EndProject
Project("{FAE04EC0-301F-11D3-BF4B-00C04F79EFBC}") = "EscolaVirtual.Vendas.Data", "EscolaVirtual.Vendas.Data\EscolaVirtual.Vendas.Data.csproj", "{8784875E-D2CB-4898-8DE1-5578F01D61C2}"
EndProject
Project("{2150E333-8FDC-42A3-9474-1A3956D46DE8}") = "Core", "Core", "{69018E76-8750-4F02-B38A-ACAC62CEFAB4}"
EndProject
Project("{FAE04EC0-301F-11D3-BF4B-00C04F79EFBC}") = "EscolaVirtual.Core.Domain", "EscolaVirtual.Core.Domain\EscolaVirtual.Core.Domain.csproj", "{01AEBE1D-1F15-4E29-96F9-78362D0F8900}"
EndProject
Project("{2150E333-8FDC-42A3-9474-1A3956D46DE8}") = "Site", "Site", "{DA5095D9-9967-4614-A5AA-6B79785ACD34}"
EndProject
Project("{2150E333-8FDC-42A3-9474-1A3956D46DE8}") = "Gestao", "Gestao", "{29E99494-B442-4116-AD41-719E04E47962}"
EndProject
Project("{FAE04EC0-301F-11D3-BF4B-00C04F79EFBC}") = "EscolaVirtual.Site", "EscolaVirtual.Site\EscolaVirtual.Site.csproj", "{F2BBF6BF-A28D-4D61-A061-5DD1AA0F10D5}"
EndProject
Project("{FAE04EC0-301F-11D3-BF4B-00C04F79EFBC}") = "EscolaVirtual.Cadastro.Infra.IoC", "EscolaVirtual.Cadastro.Infra.IoC\EscolaVirtual.Cadastro.Infra.IoC.csproj", "{1A819CD7-D172-4731-A1C7-EB800A96BA13}"
EndProject
Project("{FAE04EC0-301F-11D3-BF4B-00C04F79EFBC}") = "EscolaVirtual.Core.Infra", "EscolaVirtual.Core.Infra\EscolaVirtual.Core.Infra.csproj", "{ADDFC762-2960-4BED-81C1-23FDC67B4B71}"
EndProject
Project("{FAE04EC0-301F-11D3-BF4B-00C04F79EFBC}") = "EscolaVirtual.Cadastro.Infra.Identity", "EscolaVirtual.Cadastro.Infra.Identity\EscolaVirtual.Cadastro.Infra.Identity.csproj", "{9062B1C5-F32D-435E-93B2-2E7F6268B2A1}"
EndProject
Project("{2150E333-8FDC-42A3-9474-1A3956D46DE8}") = ".nuget", ".nuget", "{863E8697-9B30-4AA2-B4DD-1D6F6FD77954}"
	ProjectSection(SolutionItems) = preProject
		.nuget\NuGet.Config = .nuget\NuGet.Config
		.nuget\NuGet.exe = .nuget\NuGet.exe
		.nuget\NuGet.targets = .nuget\NuGet.targets
	EndProjectSection
EndProject
Project("{2150E333-8FDC-42A3-9474-1A3956D46DE8}") = "Infra", "Infra", "{BBD479F7-9968-42F8-ADDF-A3A2CBC328AA}"
EndProject
Project("{2150E333-8FDC-42A3-9474-1A3956D46DE8}") = "Data", "Data", "{9FFBFC0B-127A-4D33-AD96-92163D5F8A45}"
EndProject
Project("{2150E333-8FDC-42A3-9474-1A3956D46DE8}") = "Tests", "Tests", "{56D7E796-66E8-4299-AE14-C359206EE1BD}"
EndProject
Project("{2150E333-8FDC-42A3-9474-1A3956D46DE8}") = "Application", "Application", "{E916CAC8-F7BB-4EDF-8386-353A9AB5CD28}"
EndProject
Project("{2150E333-8FDC-42A3-9474-1A3956D46DE8}") = "Domain", "Domain", "{7320A15C-1823-4B4C-A11B-D0111355A198}"
EndProject
Project("{FAE04EC0-301F-11D3-BF4B-00C04F79EFBC}") = "EscolaVirtual.Conteudo.Application", "EscolaVirtual.Conteudo.Application\EscolaVirtual.Conteudo.Application.csproj", "{C88F7FE7-545B-4702-855E-01A29F5DCDE4}"
EndProject
Project("{FAE04EC0-301F-11D3-BF4B-00C04F79EFBC}") = "EscolaVirtual.Conteudo.Infra.IoC", "EscolaVirtual.Conteudo.Infra.IoC\EscolaVirtual.Conteudo.Infra.IoC.csproj", "{C06A7385-71F0-4FA5-941D-2B4478629D44}"
EndProject
Project("{FAE04EC0-301F-11D3-BF4B-00C04F79EFBC}") = "EscolaVirtual.Cadastro.TestesAceitacao", "EscolaVirtual.Cadastro.TestesAceitacao\EscolaVirtual.Cadastro.TestesAceitacao.csproj", "{64FF71E8-4A18-4012-A453-87CD21071CE7}"
EndProject
Project("{2150E333-8FDC-42A3-9474-1A3956D46DE8}") = "Application", "Application", "{AD78C388-4596-4CDF-83F2-7774D31F7FE3}"
EndProject
Project("{2150E333-8FDC-42A3-9474-1A3956D46DE8}") = "Domain", "Domain", "{C4219742-3201-4C95-94FE-56ADB039B34C}"
EndProject
Project("{2150E333-8FDC-42A3-9474-1A3956D46DE8}") = "Infra", "Infra", "{6F2E6EF5-E2D9-44F9-A92C-FC3400EFE0F7}"
EndProject
Project("{2150E333-8FDC-42A3-9474-1A3956D46DE8}") = "Data", "Data", "{B1AC63DC-8696-48F4-8D32-C1DDBF89A0BA}"
EndProject
Project("{2150E333-8FDC-42A3-9474-1A3956D46DE8}") = "Application", "Application", "{662A1623-8901-4CB2-BE53-6A900B9D2C3E}"
EndProject
Project("{2150E333-8FDC-42A3-9474-1A3956D46DE8}") = "Domain", "Domain", "{ABCF406B-22D8-49BE-A3FB-E026A0B5835E}"
EndProject
Project("{2150E333-8FDC-42A3-9474-1A3956D46DE8}") = "Data", "Data", "{53F6C125-3A74-44CE-AF57-74272620999A}"
EndProject
Project("{FAE04EC0-301F-11D3-BF4B-00C04F79EFBC}") = "EscolaVirtual.Vendas.Application", "EscolaVirtual.Vendas.Application\EscolaVirtual.Vendas.Application.csproj", "{B429B524-F290-4E60-8D20-FEC9E2214A5C}"
EndProject
Project("{2150E333-8FDC-42A3-9474-1A3956D46DE8}") = "Infra", "Infra", "{CEDF220A-4BCF-49C7-8F69-3F014961F05E}"
EndProject
Project("{FAE04EC0-301F-11D3-BF4B-00C04F79EFBC}") = "EscolaVirtual.Vendas.Infra.IoC", "EscolaVirtual.Vendas.Infra.IoC\EscolaVirtual.Vendas.Infra.IoC.csproj", "{929913DD-3286-4432-8FE2-8CDEF7E2643D}"
EndProject
Global
	GlobalSection(SolutionConfigurationPlatforms) = preSolution
		Debug|Any CPU = Debug|Any CPU
		Release|Any CPU = Release|Any CPU
	EndGlobalSection
	GlobalSection(ProjectConfigurationPlatforms) = postSolution
		{76A33C66-6BF3-4BAC-ACC6-A46D60DCE189}.Debug|Any CPU.ActiveCfg = Debug|Any CPU
		{76A33C66-6BF3-4BAC-ACC6-A46D60DCE189}.Debug|Any CPU.Build.0 = Debug|Any CPU
		{76A33C66-6BF3-4BAC-ACC6-A46D60DCE189}.Release|Any CPU.ActiveCfg = Release|Any CPU
		{76A33C66-6BF3-4BAC-ACC6-A46D60DCE189}.Release|Any CPU.Build.0 = Release|Any CPU
		{6317A221-36E4-46CA-8B67-AB934686AAAD}.Debug|Any CPU.ActiveCfg = Debug|Any CPU
		{6317A221-36E4-46CA-8B67-AB934686AAAD}.Debug|Any CPU.Build.0 = Debug|Any CPU
		{6317A221-36E4-46CA-8B67-AB934686AAAD}.Release|Any CPU.ActiveCfg = Release|Any CPU
		{6317A221-36E4-46CA-8B67-AB934686AAAD}.Release|Any CPU.Build.0 = Release|Any CPU
		{977B72E3-1C1B-41B2-96F3-5C2E786C3422}.Debug|Any CPU.ActiveCfg = Debug|Any CPU
		{977B72E3-1C1B-41B2-96F3-5C2E786C3422}.Debug|Any CPU.Build.0 = Debug|Any CPU
		{977B72E3-1C1B-41B2-96F3-5C2E786C3422}.Release|Any CPU.ActiveCfg = Release|Any CPU
		{977B72E3-1C1B-41B2-96F3-5C2E786C3422}.Release|Any CPU.Build.0 = Release|Any CPU
		{AB2804B6-1076-4AE3-B036-2BA1C92EE9C3}.Debug|Any CPU.ActiveCfg = Debug|Any CPU
		{AB2804B6-1076-4AE3-B036-2BA1C92EE9C3}.Debug|Any CPU.Build.0 = Debug|Any CPU
		{AB2804B6-1076-4AE3-B036-2BA1C92EE9C3}.Release|Any CPU.ActiveCfg = Release|Any CPU
		{AB2804B6-1076-4AE3-B036-2BA1C92EE9C3}.Release|Any CPU.Build.0 = Release|Any CPU
		{6ADC076E-BCF9-44C9-9A59-87F4BB5CD21D}.Debug|Any CPU.ActiveCfg = Debug|Any CPU
		{6ADC076E-BCF9-44C9-9A59-87F4BB5CD21D}.Debug|Any CPU.Build.0 = Debug|Any CPU
		{6ADC076E-BCF9-44C9-9A59-87F4BB5CD21D}.Release|Any CPU.ActiveCfg = Release|Any CPU
		{6ADC076E-BCF9-44C9-9A59-87F4BB5CD21D}.Release|Any CPU.Build.0 = Release|Any CPU
		{F714131B-FCF0-4C4D-BB1E-851F79E9F9EC}.Debug|Any CPU.ActiveCfg = Debug|Any CPU
		{F714131B-FCF0-4C4D-BB1E-851F79E9F9EC}.Debug|Any CPU.Build.0 = Debug|Any CPU
		{F714131B-FCF0-4C4D-BB1E-851F79E9F9EC}.Release|Any CPU.ActiveCfg = Release|Any CPU
		{F714131B-FCF0-4C4D-BB1E-851F79E9F9EC}.Release|Any CPU.Build.0 = Release|Any CPU
		{2C89A36F-AE38-4BDE-9805-10BEB7ACC5C3}.Debug|Any CPU.ActiveCfg = Debug|Any CPU
		{2C89A36F-AE38-4BDE-9805-10BEB7ACC5C3}.Debug|Any CPU.Build.0 = Debug|Any CPU
		{2C89A36F-AE38-4BDE-9805-10BEB7ACC5C3}.Release|Any CPU.ActiveCfg = Release|Any CPU
		{2C89A36F-AE38-4BDE-9805-10BEB7ACC5C3}.Release|Any CPU.Build.0 = Release|Any CPU
		{EB91BBA1-10A2-4837-859B-963DA71B4318}.Debug|Any CPU.ActiveCfg = Debug|Any CPU
		{EB91BBA1-10A2-4837-859B-963DA71B4318}.Debug|Any CPU.Build.0 = Debug|Any CPU
		{EB91BBA1-10A2-4837-859B-963DA71B4318}.Release|Any CPU.ActiveCfg = Release|Any CPU
		{EB91BBA1-10A2-4837-859B-963DA71B4318}.Release|Any CPU.Build.0 = Release|Any CPU
		{8784875E-D2CB-4898-8DE1-5578F01D61C2}.Debug|Any CPU.ActiveCfg = Debug|Any CPU
		{8784875E-D2CB-4898-8DE1-5578F01D61C2}.Debug|Any CPU.Build.0 = Debug|Any CPU
		{8784875E-D2CB-4898-8DE1-5578F01D61C2}.Release|Any CPU.ActiveCfg = Release|Any CPU
		{8784875E-D2CB-4898-8DE1-5578F01D61C2}.Release|Any CPU.Build.0 = Release|Any CPU
		{01AEBE1D-1F15-4E29-96F9-78362D0F8900}.Debug|Any CPU.ActiveCfg = Debug|Any CPU
		{01AEBE1D-1F15-4E29-96F9-78362D0F8900}.Debug|Any CPU.Build.0 = Debug|Any CPU
		{01AEBE1D-1F15-4E29-96F9-78362D0F8900}.Release|Any CPU.ActiveCfg = Release|Any CPU
		{01AEBE1D-1F15-4E29-96F9-78362D0F8900}.Release|Any CPU.Build.0 = Release|Any CPU
		{F2BBF6BF-A28D-4D61-A061-5DD1AA0F10D5}.Debug|Any CPU.ActiveCfg = Debug|Any CPU
		{F2BBF6BF-A28D-4D61-A061-5DD1AA0F10D5}.Debug|Any CPU.Build.0 = Debug|Any CPU
		{F2BBF6BF-A28D-4D61-A061-5DD1AA0F10D5}.Release|Any CPU.ActiveCfg = Release|Any CPU
		{F2BBF6BF-A28D-4D61-A061-5DD1AA0F10D5}.Release|Any CPU.Build.0 = Release|Any CPU
		{1A819CD7-D172-4731-A1C7-EB800A96BA13}.Debug|Any CPU.ActiveCfg = Debug|Any CPU
		{1A819CD7-D172-4731-A1C7-EB800A96BA13}.Debug|Any CPU.Build.0 = Debug|Any CPU
		{1A819CD7-D172-4731-A1C7-EB800A96BA13}.Release|Any CPU.ActiveCfg = Release|Any CPU
		{1A819CD7-D172-4731-A1C7-EB800A96BA13}.Release|Any CPU.Build.0 = Release|Any CPU
		{ADDFC762-2960-4BED-81C1-23FDC67B4B71}.Debug|Any CPU.ActiveCfg = Debug|Any CPU
		{ADDFC762-2960-4BED-81C1-23FDC67B4B71}.Debug|Any CPU.Build.0 = Debug|Any CPU
		{ADDFC762-2960-4BED-81C1-23FDC67B4B71}.Release|Any CPU.ActiveCfg = Release|Any CPU
		{ADDFC762-2960-4BED-81C1-23FDC67B4B71}.Release|Any CPU.Build.0 = Release|Any CPU
		{9062B1C5-F32D-435E-93B2-2E7F6268B2A1}.Debug|Any CPU.ActiveCfg = Debug|Any CPU
		{9062B1C5-F32D-435E-93B2-2E7F6268B2A1}.Debug|Any CPU.Build.0 = Debug|Any CPU
		{9062B1C5-F32D-435E-93B2-2E7F6268B2A1}.Release|Any CPU.ActiveCfg = Release|Any CPU
		{9062B1C5-F32D-435E-93B2-2E7F6268B2A1}.Release|Any CPU.Build.0 = Release|Any CPU
		{C88F7FE7-545B-4702-855E-01A29F5DCDE4}.Debug|Any CPU.ActiveCfg = Debug|Any CPU
		{C88F7FE7-545B-4702-855E-01A29F5DCDE4}.Debug|Any CPU.Build.0 = Debug|Any CPU
		{C88F7FE7-545B-4702-855E-01A29F5DCDE4}.Release|Any CPU.ActiveCfg = Release|Any CPU
		{C88F7FE7-545B-4702-855E-01A29F5DCDE4}.Release|Any CPU.Build.0 = Release|Any CPU
		{C06A7385-71F0-4FA5-941D-2B4478629D44}.Debug|Any CPU.ActiveCfg = Debug|Any CPU
		{C06A7385-71F0-4FA5-941D-2B4478629D44}.Debug|Any CPU.Build.0 = Debug|Any CPU
		{C06A7385-71F0-4FA5-941D-2B4478629D44}.Release|Any CPU.ActiveCfg = Release|Any CPU
		{C06A7385-71F0-4FA5-941D-2B4478629D44}.Release|Any CPU.Build.0 = Release|Any CPU
		{64FF71E8-4A18-4012-A453-87CD21071CE7}.Debug|Any CPU.ActiveCfg = Debug|Any CPU
		{64FF71E8-4A18-4012-A453-87CD21071CE7}.Debug|Any CPU.Build.0 = Debug|Any CPU
		{64FF71E8-4A18-4012-A453-87CD21071CE7}.Release|Any CPU.ActiveCfg = Release|Any CPU
		{64FF71E8-4A18-4012-A453-87CD21071CE7}.Release|Any CPU.Build.0 = Release|Any CPU
		{B429B524-F290-4E60-8D20-FEC9E2214A5C}.Debug|Any CPU.ActiveCfg = Debug|Any CPU
		{B429B524-F290-4E60-8D20-FEC9E2214A5C}.Debug|Any CPU.Build.0 = Debug|Any CPU
		{B429B524-F290-4E60-8D20-FEC9E2214A5C}.Release|Any CPU.ActiveCfg = Release|Any CPU
		{B429B524-F290-4E60-8D20-FEC9E2214A5C}.Release|Any CPU.Build.0 = Release|Any CPU
		{929913DD-3286-4432-8FE2-8CDEF7E2643D}.Debug|Any CPU.ActiveCfg = Debug|Any CPU
		{929913DD-3286-4432-8FE2-8CDEF7E2643D}.Debug|Any CPU.Build.0 = Debug|Any CPU
		{929913DD-3286-4432-8FE2-8CDEF7E2643D}.Release|Any CPU.ActiveCfg = Release|Any CPU
		{929913DD-3286-4432-8FE2-8CDEF7E2643D}.Release|Any CPU.Build.0 = Release|Any CPU
	EndGlobalSection
	GlobalSection(SolutionProperties) = preSolution
		HideSolutionNode = FALSE
	EndGlobalSection
	GlobalSection(NestedProjects) = preSolution
		{57328664-8357-441D-8FEF-A46E05DF381A} = {C5F1F7FB-F2F7-4C08-83B6-275A4958BFCC}
		{EC011F9C-D327-47B9-8DA6-E80E4D7FC637} = {C5F1F7FB-F2F7-4C08-83B6-275A4958BFCC}
		{F18FEE8D-99BB-4BB7-83ED-3D58D7D22034} = {C5F1F7FB-F2F7-4C08-83B6-275A4958BFCC}
		{3CA7D47A-DA88-4772-AB90-DA64B0339CE9} = {C5F1F7FB-F2F7-4C08-83B6-275A4958BFCC}
		{76A33C66-6BF3-4BAC-ACC6-A46D60DCE189} = {7320A15C-1823-4B4C-A11B-D0111355A198}
		{6317A221-36E4-46CA-8B67-AB934686AAAD} = {9FFBFC0B-127A-4D33-AD96-92163D5F8A45}
		{977B72E3-1C1B-41B2-96F3-5C2E786C3422} = {E916CAC8-F7BB-4EDF-8386-353A9AB5CD28}
		{AB2804B6-1076-4AE3-B036-2BA1C92EE9C3} = {C4219742-3201-4C95-94FE-56ADB039B34C}
		{6ADC076E-BCF9-44C9-9A59-87F4BB5CD21D} = {B1AC63DC-8696-48F4-8D32-C1DDBF89A0BA}
		{F714131B-FCF0-4C4D-BB1E-851F79E9F9EC} = {57328664-8357-441D-8FEF-A46E05DF381A}
		{2C89A36F-AE38-4BDE-9805-10BEB7ACC5C3} = {57328664-8357-441D-8FEF-A46E05DF381A}
		{EB91BBA1-10A2-4837-859B-963DA71B4318} = {ABCF406B-22D8-49BE-A3FB-E026A0B5835E}
		{8784875E-D2CB-4898-8DE1-5578F01D61C2} = {53F6C125-3A74-44CE-AF57-74272620999A}
		{69018E76-8750-4F02-B38A-ACAC62CEFAB4} = {C5F1F7FB-F2F7-4C08-83B6-275A4958BFCC}
		{01AEBE1D-1F15-4E29-96F9-78362D0F8900} = {69018E76-8750-4F02-B38A-ACAC62CEFAB4}
		{DA5095D9-9967-4614-A5AA-6B79785ACD34} = {80DBDB5A-2C09-44F3-9506-04D0A0B0A515}
		{29E99494-B442-4116-AD41-719E04E47962} = {80DBDB5A-2C09-44F3-9506-04D0A0B0A515}
		{F2BBF6BF-A28D-4D61-A061-5DD1AA0F10D5} = {DA5095D9-9967-4614-A5AA-6B79785ACD34}
		{1A819CD7-D172-4731-A1C7-EB800A96BA13} = {BBD479F7-9968-42F8-ADDF-A3A2CBC328AA}
		{ADDFC762-2960-4BED-81C1-23FDC67B4B71} = {69018E76-8750-4F02-B38A-ACAC62CEFAB4}
		{9062B1C5-F32D-435E-93B2-2E7F6268B2A1} = {BBD479F7-9968-42F8-ADDF-A3A2CBC328AA}
		{BBD479F7-9968-42F8-ADDF-A3A2CBC328AA} = {3CA7D47A-DA88-4772-AB90-DA64B0339CE9}
		{9FFBFC0B-127A-4D33-AD96-92163D5F8A45} = {3CA7D47A-DA88-4772-AB90-DA64B0339CE9}
		{56D7E796-66E8-4299-AE14-C359206EE1BD} = {3CA7D47A-DA88-4772-AB90-DA64B0339CE9}
		{E916CAC8-F7BB-4EDF-8386-353A9AB5CD28} = {3CA7D47A-DA88-4772-AB90-DA64B0339CE9}
		{7320A15C-1823-4B4C-A11B-D0111355A198} = {3CA7D47A-DA88-4772-AB90-DA64B0339CE9}
		{C88F7FE7-545B-4702-855E-01A29F5DCDE4} = {AD78C388-4596-4CDF-83F2-7774D31F7FE3}
		{C06A7385-71F0-4FA5-941D-2B4478629D44} = {6F2E6EF5-E2D9-44F9-A92C-FC3400EFE0F7}
		{64FF71E8-4A18-4012-A453-87CD21071CE7} = {56D7E796-66E8-4299-AE14-C359206EE1BD}
		{AD78C388-4596-4CDF-83F2-7774D31F7FE3} = {F18FEE8D-99BB-4BB7-83ED-3D58D7D22034}
		{C4219742-3201-4C95-94FE-56ADB039B34C} = {F18FEE8D-99BB-4BB7-83ED-3D58D7D22034}
		{6F2E6EF5-E2D9-44F9-A92C-FC3400EFE0F7} = {F18FEE8D-99BB-4BB7-83ED-3D58D7D22034}
		{B1AC63DC-8696-48F4-8D32-C1DDBF89A0BA} = {F18FEE8D-99BB-4BB7-83ED-3D58D7D22034}
		{662A1623-8901-4CB2-BE53-6A900B9D2C3E} = {EC011F9C-D327-47B9-8DA6-E80E4D7FC637}
		{ABCF406B-22D8-49BE-A3FB-E026A0B5835E} = {EC011F9C-D327-47B9-8DA6-E80E4D7FC637}
		{53F6C125-3A74-44CE-AF57-74272620999A} = {EC011F9C-D327-47B9-8DA6-E80E4D7FC637}
		{B429B524-F290-4E60-8D20-FEC9E2214A5C} = {662A1623-8901-4CB2-BE53-6A900B9D2C3E}
		{CEDF220A-4BCF-49C7-8F69-3F014961F05E} = {EC011F9C-D327-47B9-8DA6-E80E4D7FC637}
		{929913DD-3286-4432-8FE2-8CDEF7E2643D} = {CEDF220A-4BCF-49C7-8F69-3F014961F05E}
	EndGlobalSection
EndGlobal
